
Microsoft Visual Studio Solution File, Format Version 12.00
# Visual Studio Version 16
VisualStudioVersion = 16.0.30717.126
MinimumVisualStudioVersion = 10.0.40219.1
Project("{FAE04EC0-301F-11D3-BF4B-00C04F79EFBC}") = "Getset", "Getset\Getset.csproj", "{641A1C6B-9296-4BEC-B6BF-7751B2C1451D}"
EndProject
Global
	GlobalSection(SolutionConfigurationPlatforms) = preSolution
		Debug|Any CPU = Debug|Any CPU
		Release|Any CPU = Release|Any CPU
	EndGlobalSection
	GlobalSection(ProjectConfigurationPlatforms) = postSolution
		{641A1C6B-9296-4BEC-B6BF-7751B2C1451D}.Debug|Any CPU.ActiveCfg = Debug|Any CPU
		{641A1C6B-9296-4BEC-B6BF-7751B2C1451D}.Debug|Any CPU.Build.0 = Debug|Any CPU
		{641A1C6B-9296-4BEC-B6BF-7751B2C1451D}.Release|Any CPU.ActiveCfg = Release|Any CPU
		{641A1C6B-9296-4BEC-B6BF-7751B2C1451D}.Release|Any CPU.Build.0 = Release|Any CPU
	EndGlobalSection
	GlobalSection(SolutionProperties) = preSolution
		HideSolutionNode = FALSE
	EndGlobalSection
	GlobalSection(ExtensibilityGlobals) = postSolution
		SolutionGuid = {2B60CD0F-20BF-4CCD-888B-54D6C2B48612}
	EndGlobalSection
EndGlobal
